PODS:
  - Alamofire (4.6.0)
  - ASAppleMusic (0.1.0):
    - Alamofire
    - EVReflection/Alamofire
  - EVReflection/Alamofire (5.4.2):
    - Alamofire
    - EVReflection/Core
  - EVReflection/Core (5.4.2)

DEPENDENCIES:
  - ASAppleMusic (from `../`)

EXTERNAL SOURCES:
  ASAppleMusic:
    :path: ../

SPEC CHECKSUMS:
  Alamofire: f41a599bd63041760b26d393ec1069d9d7b917f4
  ASAppleMusic: b408e0f6581d27367f809ae80ff3fe76e31fa3e6
  EVReflection: 440818f89dbb185408442548b99e5d4ee7a1739b

PODFILE CHECKSUM: 6c41e99ecb537c18d6a4308b2e46168da441d2e4

COCOAPODS: 1.3.1
